
Microsoft Visual Studio Solution File, Format Version 12.00
# Visual Studio Version 17
VisualStudioVersion = 17.9.34728.123
MinimumVisualStudioVersion = 10.0.40219.1
Project("{FAE04EC0-301F-11D3-BF4B-00C04F79EFBC}") = "WpfApp11", "WpfApp11\WpfApp11.csproj", "{36A96FFD-0C37-4899-B66C-CD8F9B3D5D60}"
EndProject
Global
	GlobalSection(SolutionConfigurationPlatforms) = preSolution
		Debug|Any CPU = Debug|Any CPU
		Release|Any CPU = Release|Any CPU
	EndGlobalSection
	GlobalSection(ProjectConfigurationPlatforms) = postSolution
		{36A96FFD-0C37-4899-B66C-CD8F9B3D5D60}.Debug|Any CPU.ActiveCfg = Debug|Any CPU
		{36A96FFD-0C37-4899-B66C-CD8F9B3D5D60}.Debug|Any CPU.Build.0 = Debug|Any CPU
		{36A96FFD-0C37-4899-B66C-CD8F9B3D5D60}.Release|Any CPU.ActiveCfg = Release|Any CPU
		{36A96FFD-0C37-4899-B66C-CD8F9B3D5D60}.Release|Any CPU.Build.0 = Release|Any CPU
	EndGlobalSection
	GlobalSection(SolutionProperties) = preSolution
		HideSolutionNode = FALSE
	EndGlobalSection
	GlobalSection(ExtensibilityGlobals) = postSolution
		SolutionGuid = {0547C0BB-FCE5-42AE-8E92-E03617E4811C}
	EndGlobalSection
EndGlobal
